{
  "pins" : [
    {
      "identity" : "banubasdk",
      "kind" : "remoteSourceControl",
      "location" : "https://github.com/sdk-banuba/BanubaSdk",
      "state" : {
        "revision" : "d061840e7708731a9a8cef08815c6382a8c283d2",
        "version" : "1.17.0"
      }
    },
    {
      "identity" : "bnbacneeyebagsremoval",
      "kind" : "remoteSourceControl",
      "location" : "https://github.com/sdk-banuba/BNBAcneEyebagsRemoval.git",
      "state" : {
        "revision" : "afcd1213f6a5f5e2a0d4ec2ac71d5ac1630a6c7f",
        "version" : "1.17.0"
      }
    },
    {
      "identity" : "bnbbackground",
      "kind" : "remoteSourceControl",
      "location" : "https://github.com/sdk-banuba/BNBBackground.git",
      "state" : {
        "revision" : "8740ae1f6633b579e1a0c2cfdfaa007b80a0b23b",
        "version" : "1.17.0"
      }
    },
    {
      "identity" : "bnbbody",
      "kind" : "remoteSourceControl",
      "location" : "https://github.com/sdk-banuba/BNBBody.git",
      "state" : {
        "revision" : "abf400eee1c1c0feb22b4b330283ba070c6a2ea6",
        "version" : "1.17.0"
      }
    },
    {
      "identity" : "bnbeffectplayer",
      "kind" : "remoteSourceControl",
      "location" : "https://github.com/sdk-banuba/BNBEffectPlayer.git",
      "state" : {
        "revision" : "4abc9c5795602a24ea33cbe66c2980d80a840ec5",
        "version" : "1.17.0"
      }
    },
    {
      "identity" : "bnbeyes",
      "kind" : "remoteSourceControl",
      "location" : "https://github.com/sdk-banuba/BNBEyes.git",
      "state" : {
        "revision" : "cae6e3f4007023ffb1e0d4dd1fbfa37d173df506",
        "version" : "1.17.0"
      }
    },
    {
      "identity" : "bnbfaceattributes",
      "kind" : "remoteSourceControl",
      "location" : "https://github.com/sdk-banuba/BNBFaceAttributes.git",
      "state" : {
        "revision" : "469e9af9bc9ef90b80f44099edba27114b03d25d",
        "version" : "1.17.0"
      }
    },
    {
      "identity" : "bnbfacetracker",
      "kind" : "remoteSourceControl",
      "location" : "https://github.com/sdk-banuba/BNBFaceTracker.git",
      "state" : {
        "revision" : "bdb2d30444748a86082c3f7a6358316b9a19ed1a",
        "version" : "1.17.0"
      }
    },
    {
      "identity" : "bnbhair",
      "kind" : "remoteSourceControl",
      "location" : "https://github.com/sdk-banuba/BNBHair.git",
      "state" : {
        "revision" : "078287f496499d233a4e4feb0e832d61e20e33cc",
        "version" : "1.17.0"
      }
    },
    {
      "identity" : "bnbhands",
      "kind" : "remoteSourceControl",
      "location" : "https://github.com/sdk-banuba/BNBHands.git",
      "state" : {
        "revision" : "f2a95bdc309bf7a2bddb05cada9d2ec0886143ff",
        "version" : "1.17.0"
      }
    },
    {
      "identity" : "bnblightsourcedetector",
      "kind" : "remoteSourceControl",
      "location" : "https://github.com/sdk-banuba/BNBLightSourceDetector.git",
      "state" : {
        "revision" : "9a80c8f3113ba0ea34beb7a1975cd749369269c5",
        "version" : "1.17.0"
      }
    },
    {
      "identity" : "bnblips",
      "kind" : "remoteSourceControl",
      "location" : "https://github.com/sdk-banuba/BNBLips.git",
      "state" : {
        "revision" : "fea3d42380313e4fe99fa8be2d12390723acf5c0",
        "version" : "1.17.0"
      }
    },
    {
      "identity" : "bnbmakeup",
      "kind" : "remoteSourceControl",
      "location" : "https://github.com/sdk-banuba/BNBMakeup.git",
      "state" : {
        "revision" : "e56504dd51feb975c649aecae8b390b9d8d3576b",
        "version" : "1.17.0"
      }
    },
    {
      "identity" : "bnbscripting",
      "kind" : "remoteSourceControl",
      "location" : "https://github.com/sdk-banuba/BNBScripting.git",
      "state" : {
        "revision" : "0f057c839c3491682893bc8bb785c145b3f8925c",
        "version" : "1.17.0"
      }
    },
    {
      "identity" : "bnbsdkapi",
      "kind" : "remoteSourceControl",
      "location" : "https://github.com/sdk-banuba/BNBSdkApi.git",
      "state" : {
        "revision" : "7659a7aee61cc065359937781e13c8d89cf38c2d",
        "version" : "1.17.0"
      }
    },
    {
      "identity" : "bnbsdkcore",
      "kind" : "remoteSourceControl",
      "location" : "https://github.com/sdk-banuba/BNBSdkCore.git",
      "state" : {
        "revision" : "811278aeee0536ee6930fa94e6df8c469db23248",
        "version" : "1.17.0"
      }
    },
    {
      "identity" : "bnbskin",
      "kind" : "remoteSourceControl",
      "location" : "https://github.com/sdk-banuba/BNBSkin.git",
      "state" : {
        "revision" : "c831bd3f31546fc9e551e96c5c37c3b0ce538d04",
        "version" : "1.17.0"
      }
    }
  ],
  "version" : 3
}
